
Microsoft Visual Studio Solution File, Format Version 12.00
# Visual Studio Version 17
VisualStudioVersion = 17.3.32922.545
MinimumVisualStudioVersion = 10.0.40219.1
Project("{FAE04EC0-301F-11D3-BF4B-00C04F79EFBC}") = "HTTPClientPRoject", "HTTPClientPRoject\HTTPClientPRoject.csproj", "{E321E69D-61AC-4E38-8222-89CB79AB348A}"
EndProject
Project("{FAE04EC0-301F-11D3-BF4B-00C04F79EFBC}") = "SOAP", "SOAP\SOAP.csproj", "{E7B7005A-A18E-4072-B65A-630199D87FA0}"
EndProject
Global
	GlobalSection(SolutionConfigurationPlatforms) = preSolution
		Debug|Any CPU = Debug|Any CPU
		Release|Any CPU = Release|Any CPU
	EndGlobalSection
	GlobalSection(ProjectConfigurationPlatforms) = postSolution
		{E321E69D-61AC-4E38-8222-89CB79AB348A}.Debug|Any CPU.ActiveCfg = Debug|Any CPU
		{E321E69D-61AC-4E38-8222-89CB79AB348A}.Debug|Any CPU.Build.0 = Debug|Any CPU
		{E321E69D-61AC-4E38-8222-89CB79AB348A}.Release|Any CPU.ActiveCfg = Release|Any CPU
		{E321E69D-61AC-4E38-8222-89CB79AB348A}.Release|Any CPU.Build.0 = Release|Any CPU
		{E7B7005A-A18E-4072-B65A-630199D87FA0}.Debug|Any CPU.ActiveCfg = Debug|Any CPU
		{E7B7005A-A18E-4072-B65A-630199D87FA0}.Debug|Any CPU.Build.0 = Debug|Any CPU
		{E7B7005A-A18E-4072-B65A-630199D87FA0}.Release|Any CPU.ActiveCfg = Release|Any CPU
		{E7B7005A-A18E-4072-B65A-630199D87FA0}.Release|Any CPU.Build.0 = Release|Any CPU
	EndGlobalSection
	GlobalSection(SolutionProperties) = preSolution
		HideSolutionNode = FALSE
	EndGlobalSection
	GlobalSection(ExtensibilityGlobals) = postSolution
		SolutionGuid = {12E59FD1-0C91-4B2F-948B-0FA6D7B2AB6E}
	EndGlobalSection
EndGlobal
